Microsoft Visual Studio Solution File, Format Version 12.00
# Visual Studio Version 17
VisualStudioVersion = 17.5.2.0
MinimumVisualStudioVersion = 10.0.40219.1
Project("{FAE04EC0-301F-11D3-BF4B-00C04F79EFBC}") = "mauiMvvmSample", "mauiMvvmSample.csproj", "{BAB27F05-13B7-C672-09D0-AD5BE40B9411}"
EndProject
Global
	GlobalSection(SolutionConfigurationPlatforms) = preSolution
		Debug|Any CPU = Debug|Any CPU
		Release|Any CPU = Release|Any CPU
	EndGlobalSection
	GlobalSection(ProjectConfigurationPlatforms) = postSolution
		{BAB27F05-13B7-C672-09D0-AD5BE40B9411}.Debug|Any CPU.ActiveCfg = Debug|Any CPU
		{BAB27F05-13B7-C672-09D0-AD5BE40B9411}.Debug|Any CPU.Build.0 = Debug|Any CPU
		{BAB27F05-13B7-C672-09D0-AD5BE40B9411}.Release|Any CPU.ActiveCfg = Release|Any CPU
		{BAB27F05-13B7-C672-09D0-AD5BE40B9411}.Release|Any CPU.Build.0 = Release|Any CPU
	EndGlobalSection
	GlobalSection(SolutionProperties) = preSolution
		HideSolutionNode = FALSE
	EndGlobalSection
	GlobalSection(ExtensibilityGlobals) = postSolution
		SolutionGuid = {89FAE76F-3B79-42F8-AD60-560F5F17BDF1}
	EndGlobalSection
EndGlobal
